// !$*UTF8*$!
{
	archiveVersion = 1;
	classes = {
	};
	objectVersion = 46;
	objects = {

/* Begin PBXBuildFile section */
		B32570A71C0EAD0200B820A6 /* main.m in Sources */ = {isa = PBXBuildFile; fileRef = B32570A61C0EAD0200B820A6 /* main.m */; };
		B32570AA1C0EAD0200B820A6 /* AppDelegate.m in Sources */ = {isa = PBXBuildFile; fileRef = B32570A91C0EAD0200B820A6 /* AppDelegate.m */; };
		B32570B01C0EAD0200B820A6 /* Main.storyboard in Resources */ = {isa = PBXBuildFile; fileRef = B32570AE1C0EAD0200B820A6 /* Main.storyboard */; };
		B32570B21C0EAD0200B820A6 /* Assets.xcassets in Resources */ = {isa = PBXBuildFile; fileRef = B32570B11C0EAD0200B820A6 /* Assets.xcassets */; };
		B32570B51C0EAD0200B820A6 /* LaunchScreen.storyboard in Resources */ = {isa = PBXBuildFile; fileRef = B32570B31C0EAD0200B820A6 /* LaunchScreen.storyboard */; };
		B3313DB81C0FFA840093D61D /* HomeVC.m in Sources */ = {isa = PBXBuildFile; fileRef = B3313DB71C0FFA840093D61D /* HomeVC.m */; };
		B34B56211C0ECA99006DA598 /* LCTabBarCONST.m in Sources */ = {isa = PBXBuildFile; fileRef = B34B56201C0ECA99006DA598 /* LCTabBarCONST.m */; };
		B34B56241C0EF707006DA598 /* LCTabBarController.m in Sources */ = {isa = PBXBuildFile; fileRef = B34B56231C0EF707006DA598 /* LCTabBarController.m */; };
		B34B56271C0EF786006DA598 /* LCTabBar.m in Sources */ = {isa = PBXBuildFile; fileRef = B34B56261C0EF786006DA598 /* LCTabBar.m */; };
		B34B562A1C0EF7C2006DA598 /* LCTabBarItem.m in Sources */ = {isa = PBXBuildFile; fileRef = B34B56291C0EF7C2006DA598 /* LCTabBarItem.m */; };
		B34B562D1C0EF7E4006DA598 /* LCTabBarBadge.m in Sources */ = {isa = PBXBuildFile; fileRef = B34B562C1C0EF7E4006DA598 /* LCTabBarBadge.m */; };
		B34B56301C0EFC47006DA598 /* LCTabBarController.bundle in Resources */ = {isa = PBXBuildFile; fileRef = B34B562F1C0EFC47006DA598 /* LCTabBarController.bundle */; };
/* End PBXBuildFile section */

/* Begin PBXFileReference section */
		B32570A21C0EAD0200B820A6 /* LCTabBarControllerDemo.app */ = {isa = PBXFileReference; explicitFileType = wrapper.application; includeInIndex = 0; path = LCTabBarControllerDemo.app; sourceTree = BUILT_PRODUCTS_DIR; };
		B32570A61C0EAD0200B820A6 /* main.m */ = {isa = PBXFileReference; lastKnownFileType = sourcecode.c.objc; path = main.m; sourceTree = "<group>"; };
		B32570A81C0EAD0200B820A6 /* AppDelegate.h */ = {isa = PBXFileReference; lastKnownFileType = sourcecode.c.h; path = AppDelegate.h; sourceTree = "<group>"; };
		B32570A91C0EAD0200B820A6 /* AppDelegate.m */ = {isa = PBXFileReference; lastKnownFileType = sourcecode.c.objc; path = AppDelegate.m; sourceTree = "<group>"; };
		B32570AF1C0EAD0200B820A6 /* Base */ = {isa = PBXFileReference; lastKnownFileType = file.storyboard; name = Base; path = Base.lproj/Main.storyboard; sourceTree = "<group>"; };
		B32570B11C0EAD0200B820A6 /* Assets.xcassets */ = {isa = PBXFileReference; lastKnownFileType = folder.assetcatalog; path = Assets.xcassets; sourceTree = "<group>"; };
		B32570B41C0EAD0200B820A6 /* Base */ = {isa = PBXFileReference; lastKnownFileType = file.storyboard; name = Base; path = Base.lproj/LaunchScreen.storyboard; sourceTree = "<group>"; };
		B32570B61C0EAD0200B820A6 /* Info.plist */ = {isa = PBXFileReference; lastKnownFileType = text.plist.xml; path = Info.plist; sourceTree = "<group>"; };
		B3313DB61C0FFA840093D61D /* HomeVC.h */ = {isa = PBXFileReference; fileEncoding = 4; lastKnownFileType = sourcecode.c.h; path = HomeVC.h; sourceTree = "<group>"; };
		B3313DB71C0FFA840093D61D /* HomeVC.m */ = {isa = PBXFileReference; fileEncoding = 4; lastKnownFileType = sourcecode.c.objc; path = HomeVC.m; sourceTree = "<group>"; };
		B34B561F1C0ECA99006DA598 /* LCTabBarCONST.h */ = {isa = PBXFileReference; fileEncoding = 4; lastKnownFileType = sourcecode.c.h; path = LCTabBarCONST.h; sourceTree = "<group>"; };
		B34B56201C0ECA99006DA598 /* LCTabBarCONST.m */ = {isa = PBXFileReference; fileEncoding = 4; lastKnownFileType = sourcecode.c.objc; path = LCTabBarCONST.m; sourceTree = "<group>"; };
		B34B56221C0EF707006DA598 /* LCTabBarController.h */ = {isa = PBXFileReference; fileEncoding = 4; lastKnownFileType = sourcecode.c.h; path = LCTabBarController.h; sourceTree = "<group>"; };
		B34B56231C0EF707006DA598 /* LCTabBarController.m */ = {isa = PBXFileReference; fileEncoding = 4; lastKnownFileType = sourcecode.c.objc; path = LCTabBarController.m; sourceTree = "<group>"; };
		B34B56251C0EF786006DA598 /* LCTabBar.h */ = {isa = PBXFileReference; fileEncoding = 4; lastKnownFileType = sourcecode.c.h; path = LCTabBar.h; sourceTree = "<group>"; };
		B34B56261C0EF786006DA598 /* LCTabBar.m */ = {isa = PBXFileReference; fileEncoding = 4; lastKnownFileType = sourcecode.c.objc; path = LCTabBar.m; sourceTree = "<group>"; };
		B34B56281C0EF7C2006DA598 /* LCTabBarItem.h */ = {isa = PBXFileReference; fileEncoding = 4; lastKnownFileType = sourcecode.c.h; path = LCTabBarItem.h; sourceTree = "<group>"; };
		B34B56291C0EF7C2006DA598 /* LCTabBarItem.m */ = {isa = PBXFileReference; fileEncoding = 4; lastKnownFileType = sourcecode.c.objc; path = LCTabBarItem.m; sourceTree = "<group>"; };
		B34B562B1C0EF7E4006DA598 /* LCTabBarBadge.h */ = {isa = PBXFileReference; fileEncoding = 4; lastKnownFileType = sourcecode.c.h; path = LCTabBarBadge.h; sourceTree = "<group>"; };
		B34B562C1C0EF7E4006DA598 /* LCTabBarBadge.m */ = {isa = PBXFileReference; fileEncoding = 4; lastKnownFileType = sourcecode.c.objc; path = LCTabBarBadge.m; sourceTree = "<group>"; };
		B34B562F1C0EFC47006DA598 /* LCTabBarController.bundle */ = {isa = PBXFileReference; lastKnownFileType = "wrapper.plug-in"; path = LCTabBarController.bundle; sourceTree = "<group>"; };
/* End PBXFileReference section */

/* Begin PBXFrameworksBuildPhase section */
		B325709F1C0EAD0200B820A6 /* Frameworks */ = {
			isa = PBXFrameworksBuildPhase;
			buildActionMask = 2147483647;
			files = (
			);
			runOnlyForDeploymentPostprocessing = 0;
		};
/* End PBXFrameworksBuildPhase section */

/* Begin PBXGroup section */
		B32570991C0EAD0200B820A6 = {
			isa = PBXGroup;
			children = (
				B34B561B1C0ECA4D006DA598 /* LCTabBarController */,
				B32570A41C0EAD0200B820A6 /* LCTabBarControllerDemo */,
				B32570A31C0EAD0200B820A6 /* Products */,
			);
			sourceTree = "<group>";
		};
		B32570A31C0EAD0200B820A6 /* Products */ = {
			isa = PBXGroup;
			children = (
				B32570A21C0EAD0200B820A6 /* LCTabBarControllerDemo.app */,
			);
			name = Products;
			sourceTree = "<group>";
		};
		B32570A41C0EAD0200B820A6 /* LCTabBarControllerDemo */ = {
			isa = PBXGroup;
			children = (
				B3313DB61C0FFA840093D61D /* HomeVC.h */,
				B3313DB71C0FFA840093D61D /* HomeVC.m */,
				B32570A81C0EAD0200B820A6 /* AppDelegate.h */,
				B32570A91C0EAD0200B820A6 /* AppDelegate.m */,
				B32570AE1C0EAD0200B820A6 /* Main.storyboard */,
				B32570B11C0EAD0200B820A6 /* Assets.xcassets */,
				B32570B31C0EAD0200B820A6 /* LaunchScreen.storyboard */,
				B32570B61C0EAD0200B820A6 /* Info.plist */,
				B32570A51C0EAD0200B820A6 /* Supporting Files */,
			);
			path = LCTabBarControllerDemo;
			sourceTree = "<group>";
		};
		B32570A51C0EAD0200B820A6 /* Supporting Files */ = {
			isa = PBXGroup;
			children = (
				B32570A61C0EAD0200B820A6 /* main.m */,
			);
			name = "Supporting Files";
			sourceTree = "<group>";
		};
		B34B561B1C0ECA4D006DA598 /* LCTabBarController */ = {
			isa = PBXGroup;
			children = (
				B34B562F1C0EFC47006DA598 /* LCTabBarController.bundle */,
				B34B561F1C0ECA99006DA598 /* LCTabBarCONST.h */,
				B34B56201C0ECA99006DA598 /* LCTabBarCONST.m */,
				B34B56221C0EF707006DA598 /* LCTabBarController.h */,
				B34B56231C0EF707006DA598 /* LCTabBarController.m */,
				B34B56251C0EF786006DA598 /* LCTabBar.h */,
				B34B56261C0EF786006DA598 /* LCTabBar.m */,
				B34B56281C0EF7C2006DA598 /* LCTabBarItem.h */,
				B34B56291C0EF7C2006DA598 /* LCTabBarItem.m */,
				B34B562B1C0EF7E4006DA598 /* LCTabBarBadge.h */,
				B34B562C1C0EF7E4006DA598 /* LCTabBarBadge.m */,
			);
			path = LCTabBarController;
			sourceTree = "<group>";
		};
/* End PBXGroup section */

/* Begin PBXNativeTarget section */
		B32570A11C0EAD0200B820A6 /* LCTabBarControllerDemo */ = {
			isa = PBXNativeTarget;
			buildConfigurationList = B32570B91C0EAD0200B820A6 /* Build configuration list for PBXNativeTarget "LCTabBarControllerDemo" */;
			buildPhases = (
				B325709E1C0EAD0200B820A6 /* Sources */,
				B325709F1C0EAD0200B820A6 /* Frameworks */,
				B32570A01C0EAD0200B820A6 /* Resources */,
			);
			buildRules = (
			);
			dependencies = (
			);
			name = LCTabBarControllerDemo;
			productName = LCTabBarControllerDemo;
			productReference = B32570A21C0EAD0200B820A6 /* LCTabBarControllerDemo.app */;
			productType = "com.apple.product-type.application";
		};
/* End PBXNativeTarget section */

/* Begin PBXProject section */
		B325709A1C0EAD0200B820A6 /* Project object */ = {
			isa = PBXProject;
			attributes = {
				LastUpgradeCheck = 0710;
				ORGANIZATIONNAME = Leo;
				TargetAttributes = {
					B32570A11C0EAD0200B820A6 = {
						CreatedOnToolsVersion = 7.1.1;
					};
				};
			};
			buildConfigurationList = B325709D1C0EAD0200B820A6 /* Build configuration list for PBXProject "LCTabBarControllerDemo" */;
			compatibilityVersion = "Xcode 3.2";
			developmentRegion = English;
			hasScannedForEncodings = 0;
			knownRegions = (
				en,
				Base,
			);
			mainGroup = B32570991C0EAD0200B820A6;
			productRefGroup = B32570A31C0EAD0200B820A6 /* Products */;
			projectDirPath = "";
			projectRoot = "";
			targets = (
				B32570A11C0EAD0200B820A6 /* LCTabBarControllerDemo */,
			);
		};
/* End PBXProject section */

/* Begin PBXResourcesBuildPhase section */
		B32570A01C0EAD0200B820A6 /* Resources */ = {
			isa = PBXResourcesBuildPhase;
			buildActionMask = 2147483647;
			files = (
				B34B56301C0EFC47006DA598 /* LCTabBarController.bundle in Resources */,
				B32570B51C0EAD0200B820A6 /* LaunchScreen.storyboard in Resources */,
				B32570B21C0EAD0200B820A6 /* Assets.xcassets in Resources */,
				B32570B01C0EAD0200B820A6 /* Main.storyboard in Resources */,
			);
			runOnlyForDeploymentPostprocessing = 0;
		};
/* End PBXResourcesBuildPhase section */

/* Begin PBXSourcesBuildPhase section */
		B325709E1C0EAD0200B820A6 /* Sources */ = {
			isa = PBXSourcesBuildPhase;
			buildActionMask = 2147483647;
			files = (
				B34B562D1C0EF7E4006DA598 /* LCTabBarBadge.m in Sources */,
				B34B56211C0ECA99006DA598 /* LCTabBarCONST.m in Sources */,
				B34B56241C0EF707006DA598 /* LCTabBarController.m in Sources */,
				B34B56271C0EF786006DA598 /* LCTabBar.m in Sources */,
				B34B562A1C0EF7C2006DA598 /* LCTabBarItem.m in Sources */,
				B3313DB81C0FFA840093D61D /* HomeVC.m in Sources */,
				B32570AA1C0EAD0200B820A6 /* AppDelegate.m in Sources */,
				B32570A71C0EAD0200B820A6 /* main.m in Sources */,
			);
			runOnlyForDeploymentPostprocessing = 0;
		};
/* End PBXSourcesBuildPhase section */

/* Begin PBXVariantGroup section */
		B32570AE1C0EAD0200B820A6 /* Main.storyboard */ = {
			isa = PBXVariantGroup;
			children = (
				B32570AF1C0EAD0200B820A6 /* Base */,
			);
			name = Main.storyboard;
			sourceTree = "<group>";
		};
		B32570B31C0EAD0200B820A6 /* LaunchScreen.storyboard */ = {
			isa = PBXVariantGroup;
			children = (
				B32570B41C0EAD0200B820A6 /* Base */,
			);
			name = LaunchScreen.storyboard;
			sourceTree = "<group>";
		};
/* End PBXVariantGroup section */

/* Begin XCBuildConfiguration section */
		B32570B71C0EAD0200B820A6 /* Debug */ = {
			isa = XCBuildConfiguration;
			buildSettings = {
				ALWAYS_SEARCH_USER_PATHS = NO;
				CLANG_CXX_LANGUAGE_STANDARD = "gnu++0x";
				CLANG_CXX_LIBRARY = "libc++";
				CLANG_ENABLE_MODULES = YES;
				CLANG_ENABLE_OBJC_ARC = YES;
				CLANG_WARN_BOOL_CONVERSION = YES;
				CLANG_WARN_CONSTANT_CONVERSION = YES;
				CLANG_WARN_DIRECT_OBJC_ISA_USAGE = YES_ERROR;
				CLANG_WARN_EMPTY_BODY = YES;
				CLANG_WARN_ENUM_CONVERSION = YES;
				CLANG_WARN_INT_CONVERSION = YES;
				CLANG_WARN_OBJC_ROOT_CLASS = YES_ERROR;
				CLANG_WARN_UNREACHABLE_CODE = YES;
				CLANG_WARN__DUPLICATE_METHOD_MATCH = YES;
				"CODE_SIGN_IDENTITY[sdk=iphoneos*]" = "iPhone Developer";
				COPY_PHASE_STRIP = NO;
				DEBUG_INFORMATION_FORMAT = dwarf;
				ENABLE_STRICT_OBJC_MSGSEND = YES;
				ENABLE_TESTABILITY = YES;
				GCC_C_LANGUAGE_STANDARD = gnu99;
				GCC_DYNAMIC_NO_PIC = NO;
				GCC_NO_COMMON_BLOCKS = YES;
				GCC_OPTIMIZATION_LEVEL = 0;
				GCC_PREPROCESSOR_DEFINITIONS = (
					"DEBUG=1",
					"$(inherited)",
				);
				GCC_WARN_64_TO_32_BIT_CONVERSION = YES;
				GCC_WARN_ABOUT_RETURN_TYPE = YES_ERROR;
				GCC_WARN_UNDECLARED_SELECTOR = YES;
				GCC_WARN_UNINITIALIZED_AUTOS = YES_AGGRESSIVE;
				GCC_WARN_UNUSED_FUNCTION = YES;
				GCC_WARN_UNUSED_VARIABLE = YES;
				IPHONEOS_DEPLOYMENT_TARGET = 9.1;
				MTL_ENABLE_DEBUG_INFO = YES;
				ONLY_ACTIVE_ARCH = YES;
				SDKROOT = iphoneos;
				TARGETED_DEVICE_FAMILY = "1,2";
			};
			name = Debug;
		};
		B32570B81C0EAD0200B820A6 /* Release */ = {
			isa = XCBuildConfiguration;
			buildSettings = {
				ALWAYS_SEARCH_USER_PATHS = NO;
				CLANG_CXX_LANGUAGE_STANDARD = "gnu++0x";
				CLANG_CXX_LIBRARY = "libc++";
				CLANG_ENABLE_MODULES = YES;
				CLANG_ENABLE_OBJC_ARC = YES;
				CLANG_WARN_BOOL_CONVERSION = YES;
				CLANG_WARN_CONSTANT_CONVERSION = YES;
				CLANG_WARN_DIRECT_OBJC_ISA_USAGE = YES_ERROR;
				CLANG_WARN_EMPTY_BODY = YES;
				CLANG_WARN_ENUM_CONVERSION = YES;
				CLANG_WARN_INT_CONVERSION = YES;
				CLANG_WARN_OBJC_ROOT_CLASS = YES_ERROR;
				CLANG_WARN_UNREACHABLE_CODE = YES;
				CLANG_WARN__DUPLICATE_METHOD_MATCH = YES;
				"CODE_SIGN_IDENTITY[sdk=iphoneos*]" = "iPhone Developer";
				COPY_PHASE_STRIP = NO;
				DEBUG_INFORMATION_FORMAT = "dwarf-with-dsym";
				ENABLE_NS_ASSERTIONS = NO;
				ENABLE_STRICT_OBJC_MSGSEND = YES;
				GCC_C_LANGUAGE_STANDARD = gnu99;
				GCC_NO_COMMON_BLOCKS = YES;
				GCC_WARN_64_TO_32_BIT_CONVERSION = YES;
				GCC_WARN_ABOUT_RETURN_TYPE = YES_ERROR;
				GCC_WARN_UNDECLARED_SELECTOR = YES;
				GCC_WARN_UNINITIALIZED_AUTOS = YES_AGGRESSIVE;
				GCC_WARN_UNUSED_FUNCTION = YES;
				GCC_WARN_UNUSED_VARIABLE = YES;
				IPHONEOS_DEPLOYMENT_TARGET = 9.1;
				MTL_ENABLE_DEBUG_INFO = NO;
				SDKROOT = iphoneos;
				TARGETED_DEVICE_FAMILY = "1,2";
				VALIDATE_PRODUCT = YES;
			};
			name = Release;
		};
		B32570BA1C0EAD0200B820A6 /* Debug */ = {
			isa = XCBuildConfiguration;
			buildSettings = {
				ASSETCATALOG_COMPILER_APPICON_NAME = AppIcon;
				INFOPLIST_FILE = LCTabBarControllerDemo/Info.plist;
				IPHONEOS_DEPLOYMENT_TARGET = 7.0;
				LD_RUNPATH_SEARCH_PATHS = "$(inherited) @executable_path/Frameworks";
				PRODUCT_BUNDLE_IDENTIFIER = com.leodong.LCTabBarControllerDemo;
				PRODUCT_NAME = "$(TARGET_NAME)";
			};
			name = Debug;
		};
		B32570BB1C0EAD0200B820A6 /* Release */ = {
			isa = XCBuildConfiguration;
			buildSettings = {
				ASSETCATALOG_COMPILER_APPICON_NAME = AppIcon;
				INFOPLIST_FILE = LCTabBarControllerDemo/Info.plist;
				IPHONEOS_DEPLOYMENT_TARGET = 7.0;
				LD_RUNPATH_SEARCH_PATHS = "$(inherited) @executable_path/Frameworks";
				PRODUCT_BUNDLE_IDENTIFIER = com.leodong.LCTabBarControllerDemo;
				PRODUCT_NAME = "$(TARGET_NAME)";
			};
			name = Release;
		};
/* End XCBuildConfiguration section */

/* Begin XCConfigurationList section */
		B325709D1C0EAD0200B820A6 /* Build configuration list for PBXProject "LCTabBarControllerDemo" */ = {
			isa = XCConfigurationList;
			buildConfigurations = (
				B32570B71C0EAD0200B820A6 /* Debug */,
				B32570B81C0EAD0200B820A6 /* Release */,
			);
			defaultConfigurationIsVisible = 0;
			defaultConfigurationName = Release;
		};
		B32570B91C0EAD0200B820A6 /* Build configuration list for PBXNativeTarget "LCTabBarControllerDemo" */ = {
			isa = XCConfigurationList;
			buildConfigurations = (
				B32570BA1C0EAD0200B820A6 /* Debug */,
				B32570BB1C0EAD0200B820A6 /* Release */,
			);
			defaultConfigurationIsVisible = 0;
			defaultConfigurationName = Release;
		};
/* End XCConfigurationList section */
	};
	rootObject = B325709A1C0EAD0200B820A6 /* Project object */;
}
