PODS:
  - LCTabBarController (1.3.8)
  - Reveal-SDK (13)

DEPENDENCIES:
  - LCTabBarController (from `../`)
  - Reveal-SDK

EXTERNAL SOURCES:
  LCTabBarController:
    :path: ../

SPEC CHECKSUMS:
  LCTabBarController: 73c70963ab4148fa10616d039be732c0d9685840
  Reveal-SDK: ccc2b0f8014965ea448b7534a7c2c8da232b75e8

PODFILE CHECKSUM: 10eb4b86a85d4d8b6787b6900ebb3d6445db51b0

COCOAPODS: 1.3.1
